# THIS IS AN AUTOGENERATED FILE. DO NOT EDIT THIS FILE DIRECTLY.
# yarn lockfile v1


"@algolia/client-common@5.5.2":
  version "5.5.2"
  resolved "https://registry.yarnpkg.com/@algolia/client-common/-/client-common-5.5.2.tgz#9cb30f675e0b08b5ff8e76c0da08dc4455444520"
  integrity sha512-LFkAilO+t06/SsFLTzdyh4FD8FGldCXD6Hf3O1ygcrOrxSNQvowy/Dtmqi68MbGP5/MKj24fFmFWhUGhSPh4wA==

"@algolia/ingestion@1.5.2":
  version "1.5.2"
  resolved "https://registry.yarnpkg.com/@algolia/ingestion/-/ingestion-1.5.2.tgz#0a000dab6a967edb7e555d33221950f6be415b55"
  integrity sha512-9W8uPyyTbDbp/w36G/Z0gjvVoQAZHys19mFHmz2uNNpc9umB32+XNgPSfsOYXtsSNZR9SpGXgdti69OWsLcJ3w==
  dependencies:
    "@algolia/client-common" "5.5.2"
    "@algolia/requester-browser-xhr" "5.5.2"
    "@algolia/requester-fetch" "5.5.2"
    "@algolia/requester-node-http" "5.5.2"

"@algolia/requester-browser-xhr@5.5.2":
  version "5.5.2"
  resolved "https://registry.yarnpkg.com/@algolia/requester-browser-xhr/-/requester-browser-xhr-5.5.2.tgz#001b4599701cf83ca1734d427a0faba22754be07"
  integrity sha512-fCsJL+97TswpDO5gu8CKf68ZS5yBSksaK8bszeU7BrjSYgu2vL/eFxpN4wxIBGIbDVJtcriWI0aTkT2ovrn/iQ==
  dependencies:
    "@algolia/client-common" "5.5.2"

"@algolia/requester-fetch@5.5.2":
  version "5.5.2"
  resolved "https://registry.yarnpkg.com/@algolia/requester-fetch/-/requester-fetch-5.5.2.tgz#047972759ef77fae8d6cc812f7679f8334969ac4"
  integrity sha512-zKawgSZR7toQEERwP4wazvQ6eR7I8KE4nidQzdWL4/8sxxhwiNvn8x9FjCePDnzzHmeiQy9NnUlw4rmT8R0nYg==
  dependencies:
    "@algolia/client-common" "5.5.2"

"@algolia/requester-node-http@5.5.2":
  version "5.5.2"
  resolved "https://registry.yarnpkg.com/@algolia/requester-node-http/-/requester-node-http-5.5.2.tgz#f89842d26f949da5484349bcebe4847a50a61211"
  integrity sha512-rBVG8rgzUws2CB972RSgtn3/gRArvp5VDbnTODANj2V17qV/gm/CmV2Ax0IWpgWDh1xWxpEs8s5l4oc0m8QN9A==
  dependencies:
    "@algolia/client-common" "5.5.2"
